// !$*UTF8*$!
{
	archiveVersion = 1;
	classes = {
	};
	objectVersion = 50;
	objects = {

/* Begin PBXBuildFile section */
		68A2B20924A2111B000A8947 /* AppDelegate.swift in Sources */ = {isa = PBXBuildFile; fileRef = 68A2B20824A2111B000A8947 /* AppDelegate.swift */; };
		68A2B20B24A2111B000A8947 /* SceneDelegate.swift in Sources */ = {isa = PBXBuildFile; fileRef = 68A2B20A24A2111B000A8947 /* SceneDelegate.swift */; };
		68A2B20D24A2111B000A8947 /* ViewController.swift in Sources */ = {isa = PBXBuildFile; fileRef = 68A2B20C24A2111B000A8947 /* ViewController.swift */; };
		68A2B21024A2111B000A8947 /* Main.storyboard in Resources */ = {isa = PBXBuildFile; fileRef = 68A2B20E24A2111B000A8947 /* Main.storyboard */; };
		68A2B21224A2111C000A8947 /* Assets.xcassets in Resources */ = {isa = PBXBuildFile; fileRef = 68A2B21124A2111C000A8947 /* Assets.xcassets */; };
		68A2B21524A2111C000A8947 /* LaunchScreen.storyboard in Resources */ = {isa = PBXBuildFile; fileRef = 68A2B21324A2111C000A8947 /* LaunchScreen.storyboard */; };
		68A2B22024A2111C000A8947 /* HotFix_SwiftTests.swift in Sources */ = {isa = PBXBuildFile; fileRef = 68A2B21F24A2111C000A8947 /* HotFix_SwiftTests.swift */; };
		68A2B22B24A2111C000A8947 /* HotFix_SwiftUITests.swift in Sources */ = {isa = PBXBuildFile; fileRef = 68A2B22A24A2111C000A8947 /* HotFix_SwiftUITests.swift */; };
		68A2B23924A2113B000A8947 /* HFTool.swift in Sources */ = {isa = PBXBuildFile; fileRef = 68A2B23824A2113B000A8947 /* HFTool.swift */; };
		68A2B23B24A21429000A8947 /* HFManager.swift in Sources */ = {isa = PBXBuildFile; fileRef = 68A2B23A24A21429000A8947 /* HFManager.swift */; };
		68A2B24924A217A2000A8947 /* instanceMethodCrash.js in Resources */ = {isa = PBXBuildFile; fileRef = 68A2B24424A217A2000A8947 /* instanceMethodCrash.js */; };
		68A2B24A24A217A2000A8947 /* runMethodBefore.js in Resources */ = {isa = PBXBuildFile; fileRef = 68A2B24524A217A2000A8947 /* runMethodBefore.js */; };
		68A2B24B24A217A2000A8947 /* instanceRunMethod.js in Resources */ = {isa = PBXBuildFile; fileRef = 68A2B24624A217A2000A8947 /* instanceRunMethod.js */; };
		68A2B24C24A217A2000A8947 /* changePrames.js in Resources */ = {isa = PBXBuildFile; fileRef = 68A2B24724A217A2000A8947 /* changePrames.js */; };
		68A2B24D24A217A2000A8947 /* instanceMethodReplace.js in Resources */ = {isa = PBXBuildFile; fileRef = 68A2B24824A217A2000A8947 /* instanceMethodReplace.js */; };
		68A2B25524A2DCD6000A8947 /* HFManager.m in Sources */ = {isa = PBXBuildFile; fileRef = 68A2B25124A2DCD6000A8947 /* HFManager.m */; };
		68A2B25624A2DCD6000A8947 /* Aspects.m in Sources */ = {isa = PBXBuildFile; fileRef = 68A2B25224A2DCD6000A8947 /* Aspects.m */; };
		68A2B25724A2DCD6000A8947 /* NSInvocation+HFAddtion.m in Sources */ = {isa = PBXBuildFile; fileRef = 68A2B25324A2DCD6000A8947 /* NSInvocation+HFAddtion.m */; };
/* End PBXBuildFile section */

/* Begin PBXContainerItemProxy section */
		68A2B21C24A2111C000A8947 /* PBXContainerItemProxy */ = {
			isa = PBXContainerItemProxy;
			containerPortal = 68A2B1FD24A2111B000A8947 /* Project object */;
			proxyType = 1;
			remoteGlobalIDString = 68A2B20424A2111B000A8947;
			remoteInfo = HotFix_Swift;
		};
		68A2B22724A2111C000A8947 /* PBXContainerItemProxy */ = {
			isa = PBXContainerItemProxy;
			containerPortal = 68A2B1FD24A2111B000A8947 /* Project object */;
			proxyType = 1;
			remoteGlobalIDString = 68A2B20424A2111B000A8947;
			remoteInfo = HotFix_Swift;
		};
/* End PBXContainerItemProxy section */

/* Begin PBXFileReference section */
		68A2B20524A2111B000A8947 /* HotFix_Swift.app */ = {isa = PBXFileReference; explicitFileType = wrapper.application; includeInIndex = 0; path = HotFix_Swift.app; sourceTree = BUILT_PRODUCTS_DIR; };
		68A2B20824A2111B000A8947 /* AppDelegate.swift */ = {isa = PBXFileReference; lastKnownFileType = sourcecode.swift; path = AppDelegate.swift; sourceTree = "<group>"; };
		68A2B20A24A2111B000A8947 /* SceneDelegate.swift */ = {isa = PBXFileReference; lastKnownFileType = sourcecode.swift; path = SceneDelegate.swift; sourceTree = "<group>"; };
		68A2B20C24A2111B000A8947 /* ViewController.swift */ = {isa = PBXFileReference; lastKnownFileType = sourcecode.swift; path = ViewController.swift; sourceTree = "<group>"; };
		68A2B20F24A2111B000A8947 /* Base */ = {isa = PBXFileReference; lastKnownFileType = file.storyboard; name = Base; path = Base.lproj/Main.storyboard; sourceTree = "<group>"; };
		68A2B21124A2111C000A8947 /* Assets.xcassets */ = {isa = PBXFileReference; lastKnownFileType = folder.assetcatalog; path = Assets.xcassets; sourceTree = "<group>"; };
		68A2B21424A2111C000A8947 /* Base */ = {isa = PBXFileReference; lastKnownFileType = file.storyboard; name = Base; path = Base.lproj/LaunchScreen.storyboard; sourceTree = "<group>"; };
		68A2B21624A2111C000A8947 /* Info.plist */ = {isa = PBXFileReference; lastKnownFileType = text.plist.xml; path = Info.plist; sourceTree = "<group>"; };
		68A2B21B24A2111C000A8947 /* HotFix_SwiftTests.xctest */ = {isa = PBXFileReference; explicitFileType = wrapper.cfbundle; includeInIndex = 0; path = HotFix_SwiftTests.xctest; sourceTree = BUILT_PRODUCTS_DIR; };
		68A2B21F24A2111C000A8947 /* HotFix_SwiftTests.swift */ = {isa = PBXFileReference; lastKnownFileType = sourcecode.swift; path = HotFix_SwiftTests.swift; sourceTree = "<group>"; };
		68A2B22124A2111C000A8947 /* Info.plist */ = {isa = PBXFileReference; lastKnownFileType = text.plist.xml; path = Info.plist; sourceTree = "<group>"; };
		68A2B22624A2111C000A8947 /* HotFix_SwiftUITests.xctest */ = {isa = PBXFileReference; explicitFileType = wrapper.cfbundle; includeInIndex = 0; path = HotFix_SwiftUITests.xctest; sourceTree = BUILT_PRODUCTS_DIR; };
		68A2B22A24A2111C000A8947 /* HotFix_SwiftUITests.swift */ = {isa = PBXFileReference; lastKnownFileType = sourcecode.swift; path = HotFix_SwiftUITests.swift; sourceTree = "<group>"; };
		68A2B22C24A2111C000A8947 /* Info.plist */ = {isa = PBXFileReference; lastKnownFileType = text.plist.xml; path = Info.plist; sourceTree = "<group>"; };
		68A2B23824A2113B000A8947 /* HFTool.swift */ = {isa = PBXFileReference; lastKnownFileType = sourcecode.swift; path = HFTool.swift; sourceTree = "<group>"; };
		68A2B23A24A21429000A8947 /* HFManager.swift */ = {isa = PBXFileReference; lastKnownFileType = sourcecode.swift; path = HFManager.swift; sourceTree = "<group>"; };
		68A2B23C24A21455000A8947 /* HotFix_Swift-Bridging-Header.h */ = {isa = PBXFileReference; lastKnownFileType = sourcecode.c.h; path = "HotFix_Swift-Bridging-Header.h"; sourceTree = "<group>"; };
		68A2B24424A217A2000A8947 /* instanceMethodCrash.js */ = {isa = PBXFileReference; fileEncoding = 4; lastKnownFileType = sourcecode.javascript; path = instanceMethodCrash.js; sourceTree = "<group>"; };
		68A2B24524A217A2000A8947 /* runMethodBefore.js */ = {isa = PBXFileReference; fileEncoding = 4; lastKnownFileType = sourcecode.javascript; path = runMethodBefore.js; sourceTree = "<group>"; };
		68A2B24624A217A2000A8947 /* instanceRunMethod.js */ = {isa = PBXFileReference; fileEncoding = 4; lastKnownFileType = sourcecode.javascript; path = instanceRunMethod.js; sourceTree = "<group>"; };
		68A2B24724A217A2000A8947 /* changePrames.js */ = {isa = PBXFileReference; fileEncoding = 4; lastKnownFileType = sourcecode.javascript; path = changePrames.js; sourceTree = "<group>"; };
		68A2B24824A217A2000A8947 /* instanceMethodReplace.js */ = {isa = PBXFileReference; fileEncoding = 4; lastKnownFileType = sourcecode.javascript; path = instanceMethodReplace.js; sourceTree = "<group>"; };
		68A2B24F24A2DCD6000A8947 /* NSInvocation+HFAddtion.h */ = {isa = PBXFileReference; fileEncoding = 4; lastKnownFileType = sourcecode.c.h; path = "NSInvocation+HFAddtion.h"; sourceTree = "<group>"; };
		68A2B25024A2DCD6000A8947 /* Aspects.h */ = {isa = PBXFileReference; fileEncoding = 4; lastKnownFileType = sourcecode.c.h; path = Aspects.h; sourceTree = "<group>"; };
		68A2B25124A2DCD6000A8947 /* HFManager.m */ = {isa = PBXFileReference; fileEncoding = 4; lastKnownFileType = sourcecode.c.objc; path = HFManager.m; sourceTree = "<group>"; };
		68A2B25224A2DCD6000A8947 /* Aspects.m */ = {isa = PBXFileReference; fileEncoding = 4; lastKnownFileType = sourcecode.c.objc; path = Aspects.m; sourceTree = "<group>"; };
		68A2B25324A2DCD6000A8947 /* NSInvocation+HFAddtion.m */ = {isa = PBXFileReference; fileEncoding = 4; lastKnownFileType = sourcecode.c.objc; path = "NSInvocation+HFAddtion.m"; sourceTree = "<group>"; };
		68A2B25424A2DCD6000A8947 /* HFManager.h */ = {isa = PBXFileReference; fileEncoding = 4; lastKnownFileType = sourcecode.c.h; path = HFManager.h; sourceTree = "<group>"; };
/* End PBXFileReference section */

/* Begin PBXFrameworksBuildPhase section */
		68A2B20224A2111B000A8947 /* Frameworks */ = {
			isa = PBXFrameworksBuildPhase;
			buildActionMask = 2147483647;
			files = (
			);
			runOnlyForDeploymentPostprocessing = 0;
		};
		68A2B21824A2111C000A8947 /* Frameworks */ = {
			isa = PBXFrameworksBuildPhase;
			buildActionMask = 2147483647;
			files = (
			);
			runOnlyForDeploymentPostprocessing = 0;
		};
		68A2B22324A2111C000A8947 /* Frameworks */ = {
			isa = PBXFrameworksBuildPhase;
			buildActionMask = 2147483647;
			files = (
			);
			runOnlyForDeploymentPostprocessing = 0;
		};
/* End PBXFrameworksBuildPhase section */

/* Begin PBXGroup section */
		68A2B1FC24A2111B000A8947 = {
			isa = PBXGroup;
			children = (
				68A2B20724A2111B000A8947 /* HotFix_Swift */,
				68A2B21E24A2111C000A8947 /* HotFix_SwiftTests */,
				68A2B22924A2111C000A8947 /* HotFix_SwiftUITests */,
				68A2B20624A2111B000A8947 /* Products */,
			);
			sourceTree = "<group>";
		};
		68A2B20624A2111B000A8947 /* Products */ = {
			isa = PBXGroup;
			children = (
				68A2B20524A2111B000A8947 /* HotFix_Swift.app */,
				68A2B21B24A2111C000A8947 /* HotFix_SwiftTests.xctest */,
				68A2B22624A2111C000A8947 /* HotFix_SwiftUITests.xctest */,
			);
			name = Products;
			sourceTree = "<group>";
		};
		68A2B20724A2111B000A8947 /* HotFix_Swift */ = {
			isa = PBXGroup;
			children = (
				68A2B24E24A2DCD6000A8947 /* ThrParty */,
				68A2B24324A217A2000A8947 /* Sourse */,
				68A2B20824A2111B000A8947 /* AppDelegate.swift */,
				68A2B20A24A2111B000A8947 /* SceneDelegate.swift */,
				68A2B20C24A2111B000A8947 /* ViewController.swift */,
				68A2B23824A2113B000A8947 /* HFTool.swift */,
				68A2B23A24A21429000A8947 /* HFManager.swift */,
				68A2B20E24A2111B000A8947 /* Main.storyboard */,
				68A2B21124A2111C000A8947 /* Assets.xcassets */,
				68A2B21324A2111C000A8947 /* LaunchScreen.storyboard */,
				68A2B21624A2111C000A8947 /* Info.plist */,
				68A2B23C24A21455000A8947 /* HotFix_Swift-Bridging-Header.h */,
			);
			path = HotFix_Swift;
			sourceTree = "<group>";
		};
		68A2B21E24A2111C000A8947 /* HotFix_SwiftTests */ = {
			isa = PBXGroup;
			children = (
				68A2B21F24A2111C000A8947 /* HotFix_SwiftTests.swift */,
				68A2B22124A2111C000A8947 /* Info.plist */,
			);
			path = HotFix_SwiftTests;
			sourceTree = "<group>";
		};
		68A2B22924A2111C000A8947 /* HotFix_SwiftUITests */ = {
			isa = PBXGroup;
			children = (
				68A2B22A24A2111C000A8947 /* HotFix_SwiftUITests.swift */,
				68A2B22C24A2111C000A8947 /* Info.plist */,
			);
			path = HotFix_SwiftUITests;
			sourceTree = "<group>";
		};
		68A2B24324A217A2000A8947 /* Sourse */ = {
			isa = PBXGroup;
			children = (
				68A2B24424A217A2000A8947 /* instanceMethodCrash.js */,
				68A2B24524A217A2000A8947 /* runMethodBefore.js */,
				68A2B24624A217A2000A8947 /* instanceRunMethod.js */,
				68A2B24724A217A2000A8947 /* changePrames.js */,
				68A2B24824A217A2000A8947 /* instanceMethodReplace.js */,
			);
			path = Sourse;
			sourceTree = "<group>";
		};
		68A2B24E24A2DCD6000A8947 /* ThrParty */ = {
			isa = PBXGroup;
			children = (
				68A2B25024A2DCD6000A8947 /* Aspects.h */,
				68A2B25224A2DCD6000A8947 /* Aspects.m */,
				68A2B25424A2DCD6000A8947 /* HFManager.h */,
				68A2B25124A2DCD6000A8947 /* HFManager.m */,
				68A2B24F24A2DCD6000A8947 /* NSInvocation+HFAddtion.h */,
				68A2B25324A2DCD6000A8947 /* NSInvocation+HFAddtion.m */,
			);
			path = ThrParty;
			sourceTree = "<group>";
		};
/* End PBXGroup section */

/* Begin PBXNativeTarget section */
		68A2B20424A2111B000A8947 /* HotFix_Swift */ = {
			isa = PBXNativeTarget;
			buildConfigurationList = 68A2B22F24A2111C000A8947 /* Build configuration list for PBXNativeTarget "HotFix_Swift" */;
			buildPhases = (
				68A2B20124A2111B000A8947 /* Sources */,
				68A2B20224A2111B000A8947 /* Frameworks */,
				68A2B20324A2111B000A8947 /* Resources */,
			);
			buildRules = (
			);
			dependencies = (
			);
			name = HotFix_Swift;
			productName = HotFix_Swift;
			productReference = 68A2B20524A2111B000A8947 /* HotFix_Swift.app */;
			productType = "com.apple.product-type.application";
		};
		68A2B21A24A2111C000A8947 /* HotFix_SwiftTests */ = {
			isa = PBXNativeTarget;
			buildConfigurationList = 68A2B23224A2111C000A8947 /* Build configuration list for PBXNativeTarget "HotFix_SwiftTests" */;
			buildPhases = (
				68A2B21724A2111C000A8947 /* Sources */,
				68A2B21824A2111C000A8947 /* Frameworks */,
				68A2B21924A2111C000A8947 /* Resources */,
			);
			buildRules = (
			);
			dependencies = (
				68A2B21D24A2111C000A8947 /* PBXTargetDependency */,
			);
			name = HotFix_SwiftTests;
			productName = HotFix_SwiftTests;
			productReference = 68A2B21B24A2111C000A8947 /* HotFix_SwiftTests.xctest */;
			productType = "com.apple.product-type.bundle.unit-test";
		};
		68A2B22524A2111C000A8947 /* HotFix_SwiftUITests */ = {
			isa = PBXNativeTarget;
			buildConfigurationList = 68A2B23524A2111C000A8947 /* Build configuration list for PBXNativeTarget "HotFix_SwiftUITests" */;
			buildPhases = (
				68A2B22224A2111C000A8947 /* Sources */,
				68A2B22324A2111C000A8947 /* Frameworks */,
				68A2B22424A2111C000A8947 /* Resources */,
			);
			buildRules = (
			);
			dependencies = (
				68A2B22824A2111C000A8947 /* PBXTargetDependency */,
			);
			name = HotFix_SwiftUITests;
			productName = HotFix_SwiftUITests;
			productReference = 68A2B22624A2111C000A8947 /* HotFix_SwiftUITests.xctest */;
			productType = "com.apple.product-type.bundle.ui-testing";
		};
/* End PBXNativeTarget section */

/* Begin PBXProject section */
		68A2B1FD24A2111B000A8947 /* Project object */ = {
			isa = PBXProject;
			attributes = {
				LastSwiftUpdateCheck = 1150;
				LastUpgradeCheck = 1150;
				ORGANIZATIONNAME = JunMing;
				TargetAttributes = {
					68A2B20424A2111B000A8947 = {
						CreatedOnToolsVersion = 11.5;
						LastSwiftMigration = 1150;
					};
					68A2B21A24A2111C000A8947 = {
						CreatedOnToolsVersion = 11.5;
						TestTargetID = 68A2B20424A2111B000A8947;
					};
					68A2B22524A2111C000A8947 = {
						CreatedOnToolsVersion = 11.5;
						TestTargetID = 68A2B20424A2111B000A8947;
					};
				};
			};
			buildConfigurationList = 68A2B20024A2111B000A8947 /* Build configuration list for PBXProject "HotFix_Swift" */;
			compatibilityVersion = "Xcode 9.3";
			developmentRegion = en;
			hasScannedForEncodings = 0;
			knownRegions = (
				en,
				Base,
			);
			mainGroup = 68A2B1FC24A2111B000A8947;
			productRefGroup = 68A2B20624A2111B000A8947 /* Products */;
			projectDirPath = "";
			projectRoot = "";
			targets = (
				68A2B20424A2111B000A8947 /* HotFix_Swift */,
				68A2B21A24A2111C000A8947 /* HotFix_SwiftTests */,
				68A2B22524A2111C000A8947 /* HotFix_SwiftUITests */,
			);
		};
/* End PBXProject section */

/* Begin PBXResourcesBuildPhase section */
		68A2B20324A2111B000A8947 /* Resources */ = {
			isa = PBXResourcesBuildPhase;
			buildActionMask = 2147483647;
			files = (
				68A2B24924A217A2000A8947 /* instanceMethodCrash.js in Resources */,
				68A2B21524A2111C000A8947 /* LaunchScreen.storyboard in Resources */,
				68A2B21224A2111C000A8947 /* Assets.xcassets in Resources */,
				68A2B24A24A217A2000A8947 /* runMethodBefore.js in Resources */,
				68A2B24C24A217A2000A8947 /* changePrames.js in Resources */,
				68A2B24D24A217A2000A8947 /* instanceMethodReplace.js in Resources */,
				68A2B24B24A217A2000A8947 /* instanceRunMethod.js in Resources */,
				68A2B21024A2111B000A8947 /* Main.storyboard in Resources */,
			);
			runOnlyForDeploymentPostprocessing = 0;
		};
		68A2B21924A2111C000A8947 /* Resources */ = {
			isa = PBXResourcesBuildPhase;
			buildActionMask = 2147483647;
			files = (
			);
			runOnlyForDeploymentPostprocessing = 0;
		};
		68A2B22424A2111C000A8947 /* Resources */ = {
			isa = PBXResourcesBuildPhase;
			buildActionMask = 2147483647;
			files = (
			);
			runOnlyForDeploymentPostprocessing = 0;
		};
/* End PBXResourcesBuildPhase section */

/* Begin PBXSourcesBuildPhase section */
		68A2B20124A2111B000A8947 /* Sources */ = {
			isa = PBXSourcesBuildPhase;
			buildActionMask = 2147483647;
			files = (
				68A2B20D24A2111B000A8947 /* ViewController.swift in Sources */,
				68A2B25624A2DCD6000A8947 /* Aspects.m in Sources */,
				68A2B25724A2DCD6000A8947 /* NSInvocation+HFAddtion.m in Sources */,
				68A2B20924A2111B000A8947 /* AppDelegate.swift in Sources */,
				68A2B20B24A2111B000A8947 /* SceneDelegate.swift in Sources */,
				68A2B25524A2DCD6000A8947 /* HFManager.m in Sources */,
				68A2B23924A2113B000A8947 /* HFTool.swift in Sources */,
				68A2B23B24A21429000A8947 /* HFManager.swift in Sources */,
			);
			runOnlyForDeploymentPostprocessing = 0;
		};
		68A2B21724A2111C000A8947 /* Sources */ = {
			isa = PBXSourcesBuildPhase;
			buildActionMask = 2147483647;
			files = (
				68A2B22024A2111C000A8947 /* HotFix_SwiftTests.swift in Sources */,
			);
			runOnlyForDeploymentPostprocessing = 0;
		};
		68A2B22224A2111C000A8947 /* Sources */ = {
			isa = PBXSourcesBuildPhase;
			buildActionMask = 2147483647;
			files = (
				68A2B22B24A2111C000A8947 /* HotFix_SwiftUITests.swift in Sources */,
			);
			runOnlyForDeploymentPostprocessing = 0;
		};
/* End PBXSourcesBuildPhase section */

/* Begin PBXTargetDependency section */
		68A2B21D24A2111C000A8947 /* PBXTargetDependency */ = {
			isa = PBXTargetDependency;
			target = 68A2B20424A2111B000A8947 /* HotFix_Swift */;
			targetProxy = 68A2B21C24A2111C000A8947 /* PBXContainerItemProxy */;
		};
		68A2B22824A2111C000A8947 /* PBXTargetDependency */ = {
			isa = PBXTargetDependency;
			target = 68A2B20424A2111B000A8947 /* HotFix_Swift */;
			targetProxy = 68A2B22724A2111C000A8947 /* PBXContainerItemProxy */;
		};
/* End PBXTargetDependency section */

/* Begin PBXVariantGroup section */
		68A2B20E24A2111B000A8947 /* Main.storyboard */ = {
			isa = PBXVariantGroup;
			children = (
				68A2B20F24A2111B000A8947 /* Base */,
			);
			name = Main.storyboard;
			sourceTree = "<group>";
		};
		68A2B21324A2111C000A8947 /* LaunchScreen.storyboard */ = {
			isa = PBXVariantGroup;
			children = (
				68A2B21424A2111C000A8947 /* Base */,
			);
			name = LaunchScreen.storyboard;
			sourceTree = "<group>";
		};
/* End PBXVariantGroup section */

/* Begin XCBuildConfiguration section */
		68A2B22D24A2111C000A8947 /* Debug */ = {
			isa = XCBuildConfiguration;
			buildSettings = {
				ALWAYS_SEARCH_USER_PATHS = NO;
				CLANG_ANALYZER_NONNULL = YES;
				CLANG_ANALYZER_NUMBER_OBJECT_CONVERSION = YES_AGGRESSIVE;
				CLANG_CXX_LANGUAGE_STANDARD = "gnu++14";
				CLANG_CXX_LIBRARY = "libc++";
				CLANG_ENABLE_MODULES = YES;
				CLANG_ENABLE_OBJC_ARC = YES;
				CLANG_ENABLE_OBJC_WEAK = YES;
				CLANG_WARN_BLOCK_CAPTURE_AUTORELEASING = YES;
				CLANG_WARN_BOOL_CONVERSION = YES;
				CLANG_WARN_COMMA = YES;
				CLANG_WARN_CONSTANT_CONVERSION = YES;
				CLANG_WARN_DEPRECATED_OBJC_IMPLEMENTATIONS = YES;
				CLANG_WARN_DIRECT_OBJC_ISA_USAGE = YES_ERROR;
				CLANG_WARN_DOCUMENTATION_COMMENTS = YES;
				CLANG_WARN_EMPTY_BODY = YES;
				CLANG_WARN_ENUM_CONVERSION = YES;
				CLANG_WARN_INFINITE_RECURSION = YES;
				CLANG_WARN_INT_CONVERSION = YES;
				CLANG_WARN_NON_LITERAL_NULL_CONVERSION = YES;
				CLANG_WARN_OBJC_IMPLICIT_RETAIN_SELF = YES;
				CLANG_WARN_OBJC_LITERAL_CONVERSION = YES;
				CLANG_WARN_OBJC_ROOT_CLASS = YES_ERROR;
				CLANG_WARN_RANGE_LOOP_ANALYSIS = YES;
				CLANG_WARN_STRICT_PROTOTYPES = YES;
				CLANG_WARN_SUSPICIOUS_MOVE = YES;
				CLANG_WARN_UNGUARDED_AVAILABILITY = YES_AGGRESSIVE;
				CLANG_WARN_UNREACHABLE_CODE = YES;
				CLANG_WARN__DUPLICATE_METHOD_MATCH = YES;
				COPY_PHASE_STRIP = NO;
				DEBUG_INFORMATION_FORMAT = dwarf;
				ENABLE_STRICT_OBJC_MSGSEND = YES;
				ENABLE_TESTABILITY = YES;
				GCC_C_LANGUAGE_STANDARD = gnu11;
				GCC_DYNAMIC_NO_PIC = NO;
				GCC_NO_COMMON_BLOCKS = YES;
				GCC_OPTIMIZATION_LEVEL = 0;
				GCC_PREPROCESSOR_DEFINITIONS = (
					"DEBUG=1",
					"$(inherited)",
				);
				GCC_WARN_64_TO_32_BIT_CONVERSION = YES;
				GCC_WARN_ABOUT_RETURN_TYPE = YES_ERROR;
				GCC_WARN_UNDECLARED_SELECTOR = YES;
				GCC_WARN_UNINITIALIZED_AUTOS = YES_AGGRESSIVE;
				GCC_WARN_UNUSED_FUNCTION = YES;
				GCC_WARN_UNUSED_VARIABLE = YES;
				IPHONEOS_DEPLOYMENT_TARGET = 13.5;
				MTL_ENABLE_DEBUG_INFO = INCLUDE_SOURCE;
				MTL_FAST_MATH = YES;
				ONLY_ACTIVE_ARCH = YES;
				SDKROOT = iphoneos;
				SWIFT_ACTIVE_COMPILATION_CONDITIONS = DEBUG;
				SWIFT_OPTIMIZATION_LEVEL = "-Onone";
			};
			name = Debug;
		};
		68A2B22E24A2111C000A8947 /* Release */ = {
			isa = XCBuildConfiguration;
			buildSettings = {
				ALWAYS_SEARCH_USER_PATHS = NO;
				CLANG_ANALYZER_NONNULL = YES;
				CLANG_ANALYZER_NUMBER_OBJECT_CONVERSION = YES_AGGRESSIVE;
				CLANG_CXX_LANGUAGE_STANDARD = "gnu++14";
				CLANG_CXX_LIBRARY = "libc++";
				CLANG_ENABLE_MODULES = YES;
				CLANG_ENABLE_OBJC_ARC = YES;
				CLANG_ENABLE_OBJC_WEAK = YES;
				CLANG_WARN_BLOCK_CAPTURE_AUTORELEASING = YES;
				CLANG_WARN_BOOL_CONVERSION = YES;
				CLANG_WARN_COMMA = YES;
				CLANG_WARN_CONSTANT_CONVERSION = YES;
				CLANG_WARN_DEPRECATED_OBJC_IMPLEMENTATIONS = YES;
				CLANG_WARN_DIRECT_OBJC_ISA_USAGE = YES_ERROR;
				CLANG_WARN_DOCUMENTATION_COMMENTS = YES;
				CLANG_WARN_EMPTY_BODY = YES;
				CLANG_WARN_ENUM_CONVERSION = YES;
				CLANG_WARN_INFINITE_RECURSION = YES;
				CLANG_WARN_INT_CONVERSION = YES;
				CLANG_WARN_NON_LITERAL_NULL_CONVERSION = YES;
				CLANG_WARN_OBJC_IMPLICIT_RETAIN_SELF = YES;
				CLANG_WARN_OBJC_LITERAL_CONVERSION = YES;
				CLANG_WARN_OBJC_ROOT_CLASS = YES_ERROR;
				CLANG_WARN_RANGE_LOOP_ANALYSIS = YES;
				CLANG_WARN_STRICT_PROTOTYPES = YES;
				CLANG_WARN_SUSPICIOUS_MOVE = YES;
				CLANG_WARN_UNGUARDED_AVAILABILITY = YES_AGGRESSIVE;
				CLANG_WARN_UNREACHABLE_CODE = YES;
				CLANG_WARN__DUPLICATE_METHOD_MATCH = YES;
				COPY_PHASE_STRIP = NO;
				DEBUG_INFORMATION_FORMAT = "dwarf-with-dsym";
				ENABLE_NS_ASSERTIONS = NO;
				ENABLE_STRICT_OBJC_MSGSEND = YES;
				GCC_C_LANGUAGE_STANDARD = gnu11;
				GCC_NO_COMMON_BLOCKS = YES;
				GCC_WARN_64_TO_32_BIT_CONVERSION = YES;
				GCC_WARN_ABOUT_RETURN_TYPE = YES_ERROR;
				GCC_WARN_UNDECLARED_SELECTOR = YES;
				GCC_WARN_UNINITIALIZED_AUTOS = YES_AGGRESSIVE;
				GCC_WARN_UNUSED_FUNCTION = YES;
				GCC_WARN_UNUSED_VARIABLE = YES;
				IPHONEOS_DEPLOYMENT_TARGET = 13.5;
				MTL_ENABLE_DEBUG_INFO = NO;
				MTL_FAST_MATH = YES;
				SDKROOT = iphoneos;
				SWIFT_COMPILATION_MODE = wholemodule;
				SWIFT_OPTIMIZATION_LEVEL = "-O";
				VALIDATE_PRODUCT = YES;
			};
			name = Release;
		};
		68A2B23024A2111C000A8947 /* Debug */ = {
			isa = XCBuildConfiguration;
			buildSettings = {
				ASSETCATALOG_COMPILER_APPICON_NAME = AppIcon;
				CLANG_ENABLE_MODULES = YES;
				CODE_SIGN_STYLE = Automatic;
				DEVELOPMENT_TEAM = 48K328WFVJ;
				INFOPLIST_FILE = HotFix_Swift/Info.plist;
				LD_RUNPATH_SEARCH_PATHS = (
					"$(inherited)",
					"@executable_path/Frameworks",
				);
				PRODUCT_BUNDLE_IDENTIFIER = "com.JunMing.HotFix-Swift";
				PRODUCT_NAME = "$(TARGET_NAME)";
				SWIFT_OBJC_BRIDGING_HEADER = "HotFix_Swift/HotFix_Swift-Bridging-Header.h";
				SWIFT_OPTIMIZATION_LEVEL = "-Onone";
				SWIFT_VERSION = 5.0;
				TARGETED_DEVICE_FAMILY = "1,2";
			};
			name = Debug;
		};
		68A2B23124A2111C000A8947 /* Release */ = {
			isa = XCBuildConfiguration;
			buildSettings = {
				ASSETCATALOG_COMPILER_APPICON_NAME = AppIcon;
				CLANG_ENABLE_MODULES = YES;
				CODE_SIGN_STYLE = Automatic;
				DEVELOPMENT_TEAM = 48K328WFVJ;
				INFOPLIST_FILE = HotFix_Swift/Info.plist;
				LD_RUNPATH_SEARCH_PATHS = (
					"$(inherited)",
					"@executable_path/Frameworks",
				);
				PRODUCT_BUNDLE_IDENTIFIER = "com.JunMing.HotFix-Swift";
				PRODUCT_NAME = "$(TARGET_NAME)";
				SWIFT_OBJC_BRIDGING_HEADER = "HotFix_Swift/HotFix_Swift-Bridging-Header.h";
				SWIFT_VERSION = 5.0;
				TARGETED_DEVICE_FAMILY = "1,2";
			};
			name = Release;
		};
		68A2B23324A2111C000A8947 /* Debug */ = {
			isa = XCBuildConfiguration;
			buildSettings = {
				ALWAYS_EMBED_SWIFT_STANDARD_LIBRARIES = YES;
				BUNDLE_LOADER = "$(TEST_HOST)";
				CODE_SIGN_STYLE = Automatic;
				DEVELOPMENT_TEAM = 48K328WFVJ;
				INFOPLIST_FILE = HotFix_SwiftTests/Info.plist;
				IPHONEOS_DEPLOYMENT_TARGET = 13.5;
				LD_RUNPATH_SEARCH_PATHS = (
					"$(inherited)",
					"@executable_path/Frameworks",
					"@loader_path/Frameworks",
				);
				PRODUCT_BUNDLE_IDENTIFIER = "com.JunMing.HotFix-SwiftTests";
				PRODUCT_NAME = "$(TARGET_NAME)";
				SWIFT_VERSION = 5.0;
				TARGETED_DEVICE_FAMILY = "1,2";
				TEST_HOST = "$(BUILT_PRODUCTS_DIR)/HotFix_Swift.app/HotFix_Swift";
			};
			name = Debug;
		};
		68A2B23424A2111C000A8947 /* Release */ = {
			isa = XCBuildConfiguration;
			buildSettings = {
				ALWAYS_EMBED_SWIFT_STANDARD_LIBRARIES = YES;
				BUNDLE_LOADER = "$(TEST_HOST)";
				CODE_SIGN_STYLE = Automatic;
				DEVELOPMENT_TEAM = 48K328WFVJ;
				INFOPLIST_FILE = HotFix_SwiftTests/Info.plist;
				IPHONEOS_DEPLOYMENT_TARGET = 13.5;
				LD_RUNPATH_SEARCH_PATHS = (
					"$(inherited)",
					"@executable_path/Frameworks",
					"@loader_path/Frameworks",
				);
				PRODUCT_BUNDLE_IDENTIFIER = "com.JunMing.HotFix-SwiftTests";
				PRODUCT_NAME = "$(TARGET_NAME)";
				SWIFT_VERSION = 5.0;
				TARGETED_DEVICE_FAMILY = "1,2";
				TEST_HOST = "$(BUILT_PRODUCTS_DIR)/HotFix_Swift.app/HotFix_Swift";
			};
			name = Release;
		};
		68A2B23624A2111C000A8947 /* Debug */ = {
			isa = XCBuildConfiguration;
			buildSettings = {
				ALWAYS_EMBED_SWIFT_STANDARD_LIBRARIES = YES;
				CODE_SIGN_STYLE = Automatic;
				DEVELOPMENT_TEAM = 48K328WFVJ;
				INFOPLIST_FILE = HotFix_SwiftUITests/Info.plist;
				LD_RUNPATH_SEARCH_PATHS = (
					"$(inherited)",
					"@executable_path/Frameworks",
					"@loader_path/Frameworks",
				);
				PRODUCT_BUNDLE_IDENTIFIER = "com.JunMing.HotFix-SwiftUITests";
				PRODUCT_NAME = "$(TARGET_NAME)";
				SWIFT_VERSION = 5.0;
				TARGETED_DEVICE_FAMILY = "1,2";
				TEST_TARGET_NAME = HotFix_Swift;
			};
			name = Debug;
		};
		68A2B23724A2111C000A8947 /* Release */ = {
			isa = XCBuildConfiguration;
			buildSettings = {
				ALWAYS_EMBED_SWIFT_STANDARD_LIBRARIES = YES;
				CODE_SIGN_STYLE = Automatic;
				DEVELOPMENT_TEAM = 48K328WFVJ;
				INFOPLIST_FILE = HotFix_SwiftUITests/Info.plist;
				LD_RUNPATH_SEARCH_PATHS = (
					"$(inherited)",
					"@executable_path/Frameworks",
					"@loader_path/Frameworks",
				);
				PRODUCT_BUNDLE_IDENTIFIER = "com.JunMing.HotFix-SwiftUITests";
				PRODUCT_NAME = "$(TARGET_NAME)";
				SWIFT_VERSION = 5.0;
				TARGETED_DEVICE_FAMILY = "1,2";
				TEST_TARGET_NAME = HotFix_Swift;
			};
			name = Release;
		};
/* End XCBuildConfiguration section */

/* Begin XCConfigurationList section */
		68A2B20024A2111B000A8947 /* Build configuration list for PBXProject "HotFix_Swift" */ = {
			isa = XCConfigurationList;
			buildConfigurations = (
				68A2B22D24A2111C000A8947 /* Debug */,
				68A2B22E24A2111C000A8947 /* Release */,
			);
			defaultConfigurationIsVisible = 0;
			defaultConfigurationName = Release;
		};
		68A2B22F24A2111C000A8947 /* Build configuration list for PBXNativeTarget "HotFix_Swift" */ = {
			isa = XCConfigurationList;
			buildConfigurations = (
				68A2B23024A2111C000A8947 /* Debug */,
				68A2B23124A2111C000A8947 /* Release */,
			);
			defaultConfigurationIsVisible = 0;
			defaultConfigurationName = Release;
		};
		68A2B23224A2111C000A8947 /* Build configuration list for PBXNativeTarget "HotFix_SwiftTests" */ = {
			isa = XCConfigurationList;
			buildConfigurations = (
				68A2B23324A2111C000A8947 /* Debug */,
				68A2B23424A2111C000A8947 /* Release */,
			);
			defaultConfigurationIsVisible = 0;
			defaultConfigurationName = Release;
		};
		68A2B23524A2111C000A8947 /* Build configuration list for PBXNativeTarget "HotFix_SwiftUITests" */ = {
			isa = XCConfigurationList;
			buildConfigurations = (
				68A2B23624A2111C000A8947 /* Debug */,
				68A2B23724A2111C000A8947 /* Release */,
			);
			defaultConfigurationIsVisible = 0;
			defaultConfigurationName = Release;
		};
/* End XCConfigurationList section */
	};
	rootObject = 68A2B1FD24A2111B000A8947 /* Project object */;
}
